
Microsoft Visual Studio Solution File, Format Version 12.00
# Visual Studio Version 17
VisualStudioVersion = 17.3.32804.467
MinimumVisualStudioVersion = 10.0.40219.1
Project("{FAE04EC0-301F-11D3-BF4B-00C04F79EFBC}") = "Clinica_Veterinaria", "Clinica_Veterinaria\Clinica_Veterinaria.csproj", "{9667EA63-8950-4770-9D02-371B57D2A306}"
EndProject
Global
	GlobalSection(SolutionConfigurationPlatforms) = preSolution
		Debug|Any CPU = Debug|Any CPU
		Release|Any CPU = Release|Any CPU
	EndGlobalSection
	GlobalSection(ProjectConfigurationPlatforms) = postSolution
		{9667EA63-8950-4770-9D02-371B57D2A306}.Debug|Any CPU.ActiveCfg = Debug|Any CPU
		{9667EA63-8950-4770-9D02-371B57D2A306}.Debug|Any CPU.Build.0 = Debug|Any CPU
		{9667EA63-8950-4770-9D02-371B57D2A306}.Release|Any CPU.ActiveCfg = Release|Any CPU
		{9667EA63-8950-4770-9D02-371B57D2A306}.Release|Any CPU.Build.0 = Release|Any CPU
	EndGlobalSection
	GlobalSection(SolutionProperties) = preSolution
		HideSolutionNode = FALSE
	EndGlobalSection
	GlobalSection(ExtensibilityGlobals) = postSolution
		SolutionGuid = {F86881FC-50D0-4330-9E71-110EA7511ED8}
	EndGlobalSection
EndGlobal
